
Microsoft Visual Studio Solution File, Format Version 12.00
# Visual Studio Version 17
VisualStudioVersion = 17.7.34018.315
MinimumVisualStudioVersion = 10.0.40219.1
Project("{FAE04EC0-301F-11D3-BF4B-00C04F79EFBC}") = "ex5-2-3", "ex5-2-3\ex5-2-3.csproj", "{D134EA8F-71B0-428C-A2F1-7011E388B298}"
EndProject
Global
	GlobalSection(SolutionConfigurationPlatforms) = preSolution
		Debug|Any CPU = Debug|Any CPU
		Release|Any CPU = Release|Any CPU
	EndGlobalSection
	GlobalSection(ProjectConfigurationPlatforms) = postSolution
		{D134EA8F-71B0-428C-A2F1-7011E388B298}.Debug|Any CPU.ActiveCfg = Debug|Any CPU
		{D134EA8F-71B0-428C-A2F1-7011E388B298}.Debug|Any CPU.Build.0 = Debug|Any CPU
		{D134EA8F-71B0-428C-A2F1-7011E388B298}.Release|Any CPU.ActiveCfg = Release|Any CPU
		{D134EA8F-71B0-428C-A2F1-7011E388B298}.Release|Any CPU.Build.0 = Release|Any CPU
	EndGlobalSection
	GlobalSection(SolutionProperties) = preSolution
		HideSolutionNode = FALSE
	EndGlobalSection
	GlobalSection(ExtensibilityGlobals) = postSolution
		SolutionGuid = {323B5505-9426-4C05-A7AE-4531C7AFE69D}
	EndGlobalSection
EndGlobal
